
Microsoft Visual Studio Solution File, Format Version 12.00
# Visual Studio Version 17
VisualStudioVersion = 17.7.34221.43
MinimumVisualStudioVersion = 10.0.40219.1
Project("{FAE04EC0-301F-11D3-BF4B-00C04F79EFBC}") = "HastaKayitOtomasyonu", "HastaKayitOtomasyonu\HastaKayitOtomasyonu.csproj", "{DA769539-3905-4C33-8D8F-69FDAE61E841}"
EndProject
Global
	GlobalSection(SolutionConfigurationPlatforms) = preSolution
		Debug|Any CPU = Debug|Any CPU
		Release|Any CPU = Release|Any CPU
	EndGlobalSection
	GlobalSection(ProjectConfigurationPlatforms) = postSolution
		{DA769539-3905-4C33-8D8F-69FDAE61E841}.Debug|Any CPU.ActiveCfg = Debug|Any CPU
		{DA769539-3905-4C33-8D8F-69FDAE61E841}.Debug|Any CPU.Build.0 = Debug|Any CPU
		{DA769539-3905-4C33-8D8F-69FDAE61E841}.Release|Any CPU.ActiveCfg = Release|Any CPU
		{DA769539-3905-4C33-8D8F-69FDAE61E841}.Release|Any CPU.Build.0 = Release|Any CPU
	EndGlobalSection
	GlobalSection(SolutionProperties) = preSolution
		HideSolutionNode = FALSE
	EndGlobalSection
	GlobalSection(ExtensibilityGlobals) = postSolution
		SolutionGuid = {04C91C27-823A-4115-BFD1-41E65B5354F4}
	EndGlobalSection
EndGlobal
